
Microsoft Visual Studio Solution File, Format Version 12.00
# Visual Studio Version 16
VisualStudioVersion = 16.0.30001.183
MinimumVisualStudioVersion = 10.0.40219.1
Project("{FAE04EC0-301F-11D3-BF4B-00C04F79EFBC}") = "BiddingApplication", "BiddingApplication.csproj", "{D37DA4E8-32F4-4515-9693-D3B91CD1D5FE}"
EndProject
Global
	GlobalSection(SolutionConfigurationPlatforms) = preSolution
		Debug|Any CPU = Debug|Any CPU
		Release|Any CPU = Release|Any CPU
	EndGlobalSection
	GlobalSection(ProjectConfigurationPlatforms) = postSolution
		{D37DA4E8-32F4-4515-9693-D3B91CD1D5FE}.Debug|Any CPU.ActiveCfg = Debug|Any CPU
		{D37DA4E8-32F4-4515-9693-D3B91CD1D5FE}.Debug|Any CPU.Build.0 = Debug|Any CPU
		{D37DA4E8-32F4-4515-9693-D3B91CD1D5FE}.Release|Any CPU.ActiveCfg = Release|Any CPU
		{D37DA4E8-32F4-4515-9693-D3B91CD1D5FE}.Release|Any CPU.Build.0 = Release|Any CPU
	EndGlobalSection
	GlobalSection(SolutionProperties) = preSolution
		HideSolutionNode = FALSE
	EndGlobalSection
	GlobalSection(ExtensibilityGlobals) = postSolution
		SolutionGuid = {620D217C-DB5B-4FE5-8784-9BB9858E5E47}
	EndGlobalSection
EndGlobal
